
Microsoft Visual Studio Solution File, Format Version 12.00
# Visual Studio Version 16
VisualStudioVersion = 16.0.30803.129
MinimumVisualStudioVersion = 10.0.40219.1
Project("{FAE04EC0-301F-11D3-BF4B-00C04F79EFBC}") = "Zombie Blood Rush", "Zombie Blood Rush\Zombie Blood Rush.csproj", "{04CFBECE-0172-4229-B882-16F6DF72C5A0}"
	ProjectSection(ProjectDependencies) = postProject
		{2DED3A88-1E17-4F2C-9A48-B31F857C87D3} = {2DED3A88-1E17-4F2C-9A48-B31F857C87D3}
		{271DF99B-1722-46F4-BFE3-90AFAE08F3F6} = {271DF99B-1722-46F4-BFE3-90AFAE08F3F6}
	EndProjectSection
EndProject
Project("{8BC9CEB8-8B4A-11D0-8D11-00A0C91BC942}") = "LiveSplitOverlay", "FPSCounter\FPSCounter.vcxproj", "{BEEF3F3A-CC8A-44C5-8CA0-03FAA8405F52}"
EndProject
Project("{FAE04EC0-301F-11D3-BF4B-00C04F79EFBC}") = "ScriptEmbedApp", "ScriptEmbedApp\ScriptEmbedApp.csproj", "{2DED3A88-1E17-4F2C-9A48-B31F857C87D3}"
	ProjectSection(ProjectDependencies) = postProject
		{BEEF3F3A-CC8A-44C5-8CA0-03FAA8405F52} = {BEEF3F3A-CC8A-44C5-8CA0-03FAA8405F52}
	EndProjectSection
EndProject
Project("{FAE04EC0-301F-11D3-BF4B-00C04F79EFBC}") = "External", "External\External.csproj", "{810BDF68-87BB-45A2-AC4F-87643045BF4C}"
EndProject
Project("{FAE04EC0-301F-11D3-BF4B-00C04F79EFBC}") = "localization", "localization\localization.csproj", "{271DF99B-1722-46F4-BFE3-90AFAE08F3F6}"
EndProject
Project("{8BC9CEB8-8B4A-11D0-8D11-00A0C91BC942}") = "t7patchloader", "t7patchloader\t7patchloader.vcxproj", "{3234A052-CDE5-4045-9F9F-B5A6DC931E88}"
EndProject
Global
	GlobalSection(SolutionConfigurationPlatforms) = preSolution
		Alpha|Any CPU = Alpha|Any CPU
		Alpha|x64 = Alpha|x64
		Alpha|x86 = Alpha|x86
		Debug|Any CPU = Debug|Any CPU
		Debug|x64 = Debug|x64
		Debug|x86 = Debug|x86
		Development|Any CPU = Development|Any CPU
		Development|x64 = Development|x64
		Development|x86 = Development|x86
		Epsilon|Any CPU = Epsilon|Any CPU
		Epsilon|x64 = Epsilon|x64
		Epsilon|x86 = Epsilon|x86
		Gamma|Any CPU = Gamma|Any CPU
		Gamma|x64 = Gamma|x64
		Gamma|x86 = Gamma|x86
		Release|Any CPU = Release|Any CPU
		Release|x64 = Release|x64
		Release|x86 = Release|x86
	EndGlobalSection
	GlobalSection(ProjectConfigurationPlatforms) = postSolution
		{04CFBECE-0172-4229-B882-16F6DF72C5A0}.Alpha|Any CPU.ActiveCfg = Debug|Any CPU
		{04CFBECE-0172-4229-B882-16F6DF72C5A0}.Alpha|Any CPU.Build.0 = Debug|Any CPU
		{04CFBECE-0172-4229-B882-16F6DF72C5A0}.Alpha|x64.ActiveCfg = Debug|Any CPU
		{04CFBECE-0172-4229-B882-16F6DF72C5A0}.Alpha|x64.Build.0 = Debug|Any CPU
		{04CFBECE-0172-4229-B882-16F6DF72C5A0}.Alpha|x86.ActiveCfg = Debug|Any CPU
		{04CFBECE-0172-4229-B882-16F6DF72C5A0}.Alpha|x86.Build.0 = Debug|Any CPU
		{04CFBECE-0172-4229-B882-16F6DF72C5A0}.Debug|Any CPU.ActiveCfg = Debug|Any CPU
		{04CFBECE-0172-4229-B882-16F6DF72C5A0}.Debug|Any CPU.Build.0 = Debug|Any CPU
		{04CFBECE-0172-4229-B882-16F6DF72C5A0}.Debug|x64.ActiveCfg = Debug|Any CPU
		{04CFBECE-0172-4229-B882-16F6DF72C5A0}.Debug|x64.Build.0 = Debug|Any CPU
		{04CFBECE-0172-4229-B882-16F6DF72C5A0}.Debug|x86.ActiveCfg = Debug|Any CPU
		{04CFBECE-0172-4229-B882-16F6DF72C5A0}.Debug|x86.Build.0 = Debug|Any CPU
		{04CFBECE-0172-4229-B882-16F6DF72C5A0}.Development|Any CPU.ActiveCfg = Debug|Any CPU
		{04CFBECE-0172-4229-B882-16F6DF72C5A0}.Development|Any CPU.Build.0 = Debug|Any CPU
		{04CFBECE-0172-4229-B882-16F6DF72C5A0}.Development|x64.ActiveCfg = Debug|x64
		{04CFBECE-0172-4229-B882-16F6DF72C5A0}.Development|x64.Build.0 = Debug|x64
		{04CFBECE-0172-4229-B882-16F6DF72C5A0}.Development|x86.ActiveCfg = Debug|Any CPU
		{04CFBECE-0172-4229-B882-16F6DF72C5A0}.Development|x86.Build.0 = Debug|Any CPU
		{04CFBECE-0172-4229-B882-16F6DF72C5A0}.Epsilon|Any CPU.ActiveCfg = Debug|Any CPU
		{04CFBECE-0172-4229-B882-16F6DF72C5A0}.Epsilon|Any CPU.Build.0 = Debug|Any CPU
		{04CFBECE-0172-4229-B882-16F6DF72C5A0}.Epsilon|x64.ActiveCfg = Debug|Any CPU
		{04CFBECE-0172-4229-B882-16F6DF72C5A0}.Epsilon|x64.Build.0 = Debug|Any CPU
		{04CFBECE-0172-4229-B882-16F6DF72C5A0}.Epsilon|x86.ActiveCfg = Debug|Any CPU
		{04CFBECE-0172-4229-B882-16F6DF72C5A0}.Epsilon|x86.Build.0 = Debug|Any CPU
		{04CFBECE-0172-4229-B882-16F6DF72C5A0}.Gamma|Any CPU.ActiveCfg = Debug|Any CPU
		{04CFBECE-0172-4229-B882-16F6DF72C5A0}.Gamma|Any CPU.Build.0 = Debug|Any CPU
		{04CFBECE-0172-4229-B882-16F6DF72C5A0}.Gamma|x64.ActiveCfg = Debug|Any CPU
		{04CFBECE-0172-4229-B882-16F6DF72C5A0}.Gamma|x64.Build.0 = Debug|Any CPU
		{04CFBECE-0172-4229-B882-16F6DF72C5A0}.Gamma|x86.ActiveCfg = Debug|Any CPU
		{04CFBECE-0172-4229-B882-16F6DF72C5A0}.Gamma|x86.Build.0 = Debug|Any CPU
		{04CFBECE-0172-4229-B882-16F6DF72C5A0}.Release|Any CPU.ActiveCfg = Release|Any CPU
		{04CFBECE-0172-4229-B882-16F6DF72C5A0}.Release|Any CPU.Build.0 = Release|Any CPU
		{04CFBECE-0172-4229-B882-16F6DF72C5A0}.Release|x64.ActiveCfg = Release|x64
		{04CFBECE-0172-4229-B882-16F6DF72C5A0}.Release|x64.Build.0 = Release|x64
		{04CFBECE-0172-4229-B882-16F6DF72C5A0}.Release|x86.ActiveCfg = Release|Any CPU
		{04CFBECE-0172-4229-B882-16F6DF72C5A0}.Release|x86.Build.0 = Release|Any CPU
		{BEEF3F3A-CC8A-44C5-8CA0-03FAA8405F52}.Alpha|Any CPU.ActiveCfg = Alpha|Win32
		{BEEF3F3A-CC8A-44C5-8CA0-03FAA8405F52}.Alpha|x64.ActiveCfg = Alpha|x64
		{BEEF3F3A-CC8A-44C5-8CA0-03FAA8405F52}.Alpha|x64.Build.0 = Alpha|x64
		{BEEF3F3A-CC8A-44C5-8CA0-03FAA8405F52}.Alpha|x86.ActiveCfg = Alpha|Win32
		{BEEF3F3A-CC8A-44C5-8CA0-03FAA8405F52}.Alpha|x86.Build.0 = Alpha|Win32
		{BEEF3F3A-CC8A-44C5-8CA0-03FAA8405F52}.Debug|Any CPU.ActiveCfg = Debug|Win32
		{BEEF3F3A-CC8A-44C5-8CA0-03FAA8405F52}.Debug|x64.ActiveCfg = Debug|x64
		{BEEF3F3A-CC8A-44C5-8CA0-03FAA8405F52}.Debug|x64.Build.0 = Debug|x64
		{BEEF3F3A-CC8A-44C5-8CA0-03FAA8405F52}.Debug|x86.ActiveCfg = Debug|Win32
		{BEEF3F3A-CC8A-44C5-8CA0-03FAA8405F52}.Debug|x86.Build.0 = Debug|Win32
		{BEEF3F3A-CC8A-44C5-8CA0-03FAA8405F52}.Development|Any CPU.ActiveCfg = Debug|Win32
		{BEEF3F3A-CC8A-44C5-8CA0-03FAA8405F52}.Development|Any CPU.Build.0 = Debug|Win32
		{BEEF3F3A-CC8A-44C5-8CA0-03FAA8405F52}.Development|x64.ActiveCfg = Debug|x64
		{BEEF3F3A-CC8A-44C5-8CA0-03FAA8405F52}.Development|x64.Build.0 = Debug|x64
		{BEEF3F3A-CC8A-44C5-8CA0-03FAA8405F52}.Development|x86.ActiveCfg = Debug|Win32
		{BEEF3F3A-CC8A-44C5-8CA0-03FAA8405F52}.Development|x86.Build.0 = Debug|Win32
		{BEEF3F3A-CC8A-44C5-8CA0-03FAA8405F52}.Epsilon|Any CPU.ActiveCfg = Epsilon|Win32
		{BEEF3F3A-CC8A-44C5-8CA0-03FAA8405F52}.Epsilon|x64.ActiveCfg = Epsilon|x64
		{BEEF3F3A-CC8A-44C5-8CA0-03FAA8405F52}.Epsilon|x64.Build.0 = Epsilon|x64
		{BEEF3F3A-CC8A-44C5-8CA0-03FAA8405F52}.Epsilon|x86.ActiveCfg = Epsilon|Win32
		{BEEF3F3A-CC8A-44C5-8CA0-03FAA8405F52}.Epsilon|x86.Build.0 = Epsilon|Win32
		{BEEF3F3A-CC8A-44C5-8CA0-03FAA8405F52}.Gamma|Any CPU.ActiveCfg = Gamma|Win32
		{BEEF3F3A-CC8A-44C5-8CA0-03FAA8405F52}.Gamma|x64.ActiveCfg = Gamma|x64
		{BEEF3F3A-CC8A-44C5-8CA0-03FAA8405F52}.Gamma|x64.Build.0 = Gamma|x64
		{BEEF3F3A-CC8A-44C5-8CA0-03FAA8405F52}.Gamma|x86.ActiveCfg = Gamma|Win32
		{BEEF3F3A-CC8A-44C5-8CA0-03FAA8405F52}.Gamma|x86.Build.0 = Gamma|Win32
		{BEEF3F3A-CC8A-44C5-8CA0-03FAA8405F52}.Release|Any CPU.ActiveCfg = Release|Win32
		{BEEF3F3A-CC8A-44C5-8CA0-03FAA8405F52}.Release|x64.ActiveCfg = Release|x64
		{BEEF3F3A-CC8A-44C5-8CA0-03FAA8405F52}.Release|x64.Build.0 = Release|x64
		{BEEF3F3A-CC8A-44C5-8CA0-03FAA8405F52}.Release|x86.ActiveCfg = Release|Win32
		{BEEF3F3A-CC8A-44C5-8CA0-03FAA8405F52}.Release|x86.Build.0 = Release|Win32
		{2DED3A88-1E17-4F2C-9A48-B31F857C87D3}.Alpha|Any CPU.ActiveCfg = Debug|Any CPU
		{2DED3A88-1E17-4F2C-9A48-B31F857C87D3}.Alpha|Any CPU.Build.0 = Debug|Any CPU
		{2DED3A88-1E17-4F2C-9A48-B31F857C87D3}.Alpha|x64.ActiveCfg = Debug|Any CPU
		{2DED3A88-1E17-4F2C-9A48-B31F857C87D3}.Alpha|x64.Build.0 = Debug|Any CPU
		{2DED3A88-1E17-4F2C-9A48-B31F857C87D3}.Alpha|x86.ActiveCfg = Debug|Any CPU
		{2DED3A88-1E17-4F2C-9A48-B31F857C87D3}.Alpha|x86.Build.0 = Debug|Any CPU
		{2DED3A88-1E17-4F2C-9A48-B31F857C87D3}.Debug|Any CPU.ActiveCfg = Debug|Any CPU
		{2DED3A88-1E17-4F2C-9A48-B31F857C87D3}.Debug|Any CPU.Build.0 = Debug|Any CPU
		{2DED3A88-1E17-4F2C-9A48-B31F857C87D3}.Debug|x64.ActiveCfg = Debug|Any CPU
		{2DED3A88-1E17-4F2C-9A48-B31F857C87D3}.Debug|x64.Build.0 = Debug|Any CPU
		{2DED3A88-1E17-4F2C-9A48-B31F857C87D3}.Debug|x86.ActiveCfg = Debug|Any CPU
		{2DED3A88-1E17-4F2C-9A48-B31F857C87D3}.Debug|x86.Build.0 = Debug|Any CPU
		{2DED3A88-1E17-4F2C-9A48-B31F857C87D3}.Development|Any CPU.ActiveCfg = Debug|Any CPU
		{2DED3A88-1E17-4F2C-9A48-B31F857C87D3}.Development|Any CPU.Build.0 = Debug|Any CPU
		{2DED3A88-1E17-4F2C-9A48-B31F857C87D3}.Development|x64.ActiveCfg = Debug|x64
		{2DED3A88-1E17-4F2C-9A48-B31F857C87D3}.Development|x64.Build.0 = Debug|x64
		{2DED3A88-1E17-4F2C-9A48-B31F857C87D3}.Development|x86.ActiveCfg = Debug|Any CPU
		{2DED3A88-1E17-4F2C-9A48-B31F857C87D3}.Development|x86.Build.0 = Debug|Any CPU
		{2DED3A88-1E17-4F2C-9A48-B31F857C87D3}.Epsilon|Any CPU.ActiveCfg = Debug|Any CPU
		{2DED3A88-1E17-4F2C-9A48-B31F857C87D3}.Epsilon|Any CPU.Build.0 = Debug|Any CPU
		{2DED3A88-1E17-4F2C-9A48-B31F857C87D3}.Epsilon|x64.ActiveCfg = Debug|Any CPU
		{2DED3A88-1E17-4F2C-9A48-B31F857C87D3}.Epsilon|x64.Build.0 = Debug|Any CPU
		{2DED3A88-1E17-4F2C-9A48-B31F857C87D3}.Epsilon|x86.ActiveCfg = Debug|Any CPU
		{2DED3A88-1E17-4F2C-9A48-B31F857C87D3}.Epsilon|x86.Build.0 = Debug|Any CPU
		{2DED3A88-1E17-4F2C-9A48-B31F857C87D3}.Gamma|Any CPU.ActiveCfg = Debug|Any CPU
		{2DED3A88-1E17-4F2C-9A48-B31F857C87D3}.Gamma|Any CPU.Build.0 = Debug|Any CPU
		{2DED3A88-1E17-4F2C-9A48-B31F857C87D3}.Gamma|x64.ActiveCfg = Debug|Any CPU
		{2DED3A88-1E17-4F2C-9A48-B31F857C87D3}.Gamma|x64.Build.0 = Debug|Any CPU
		{2DED3A88-1E17-4F2C-9A48-B31F857C87D3}.Gamma|x86.ActiveCfg = Debug|Any CPU
		{2DED3A88-1E17-4F2C-9A48-B31F857C87D3}.Gamma|x86.Build.0 = Debug|Any CPU
		{2DED3A88-1E17-4F2C-9A48-B31F857C87D3}.Release|Any CPU.ActiveCfg = Release|Any CPU
		{2DED3A88-1E17-4F2C-9A48-B31F857C87D3}.Release|Any CPU.Build.0 = Release|Any CPU
		{2DED3A88-1E17-4F2C-9A48-B31F857C87D3}.Release|x64.ActiveCfg = Release|x64
		{2DED3A88-1E17-4F2C-9A48-B31F857C87D3}.Release|x64.Build.0 = Release|x64
		{2DED3A88-1E17-4F2C-9A48-B31F857C87D3}.Release|x86.ActiveCfg = Release|Any CPU
		{2DED3A88-1E17-4F2C-9A48-B31F857C87D3}.Release|x86.Build.0 = Release|Any CPU
		{810BDF68-87BB-45A2-AC4F-87643045BF4C}.Alpha|Any CPU.ActiveCfg = Debug|Any CPU
		{810BDF68-87BB-45A2-AC4F-87643045BF4C}.Alpha|Any CPU.Build.0 = Debug|Any CPU
		{810BDF68-87BB-45A2-AC4F-87643045BF4C}.Alpha|x64.ActiveCfg = Debug|x64
		{810BDF68-87BB-45A2-AC4F-87643045BF4C}.Alpha|x64.Build.0 = Debug|x64
		{810BDF68-87BB-45A2-AC4F-87643045BF4C}.Alpha|x86.ActiveCfg = Debug|x86
		{810BDF68-87BB-45A2-AC4F-87643045BF4C}.Alpha|x86.Build.0 = Debug|x86
		{810BDF68-87BB-45A2-AC4F-87643045BF4C}.Debug|Any CPU.ActiveCfg = Debug|Any CPU
		{810BDF68-87BB-45A2-AC4F-87643045BF4C}.Debug|Any CPU.Build.0 = Debug|Any CPU
		{810BDF68-87BB-45A2-AC4F-87643045BF4C}.Debug|x64.ActiveCfg = Debug|x64
		{810BDF68-87BB-45A2-AC4F-87643045BF4C}.Debug|x64.Build.0 = Debug|x64
		{810BDF68-87BB-45A2-AC4F-87643045BF4C}.Debug|x86.ActiveCfg = Debug|x86
		{810BDF68-87BB-45A2-AC4F-87643045BF4C}.Debug|x86.Build.0 = Debug|x86
		{810BDF68-87BB-45A2-AC4F-87643045BF4C}.Development|Any CPU.ActiveCfg = Development|Any CPU
		{810BDF68-87BB-45A2-AC4F-87643045BF4C}.Development|Any CPU.Build.0 = Development|Any CPU
		{810BDF68-87BB-45A2-AC4F-87643045BF4C}.Development|x64.ActiveCfg = Development|x64
		{810BDF68-87BB-45A2-AC4F-87643045BF4C}.Development|x64.Build.0 = Development|x64
		{810BDF68-87BB-45A2-AC4F-87643045BF4C}.Development|x86.ActiveCfg = Development|x86
		{810BDF68-87BB-45A2-AC4F-87643045BF4C}.Development|x86.Build.0 = Development|x86
		{810BDF68-87BB-45A2-AC4F-87643045BF4C}.Epsilon|Any CPU.ActiveCfg = Debug|Any CPU
		{810BDF68-87BB-45A2-AC4F-87643045BF4C}.Epsilon|Any CPU.Build.0 = Debug|Any CPU
		{810BDF68-87BB-45A2-AC4F-87643045BF4C}.Epsilon|x64.ActiveCfg = Debug|x64
		{810BDF68-87BB-45A2-AC4F-87643045BF4C}.Epsilon|x64.Build.0 = Debug|x64
		{810BDF68-87BB-45A2-AC4F-87643045BF4C}.Epsilon|x86.ActiveCfg = Debug|x86
		{810BDF68-87BB-45A2-AC4F-87643045BF4C}.Epsilon|x86.Build.0 = Debug|x86
		{810BDF68-87BB-45A2-AC4F-87643045BF4C}.Gamma|Any CPU.ActiveCfg = Debug|Any CPU
		{810BDF68-87BB-45A2-AC4F-87643045BF4C}.Gamma|Any CPU.Build.0 = Debug|Any CPU
		{810BDF68-87BB-45A2-AC4F-87643045BF4C}.Gamma|x64.ActiveCfg = Debug|x64
		{810BDF68-87BB-45A2-AC4F-87643045BF4C}.Gamma|x64.Build.0 = Debug|x64
		{810BDF68-87BB-45A2-AC4F-87643045BF4C}.Gamma|x86.ActiveCfg = Debug|x86
		{810BDF68-87BB-45A2-AC4F-87643045BF4C}.Gamma|x86.Build.0 = Debug|x86
		{810BDF68-87BB-45A2-AC4F-87643045BF4C}.Release|Any CPU.ActiveCfg = Release|Any CPU
		{810BDF68-87BB-45A2-AC4F-87643045BF4C}.Release|Any CPU.Build.0 = Release|Any CPU
		{810BDF68-87BB-45A2-AC4F-87643045BF4C}.Release|x64.ActiveCfg = Release|x64
		{810BDF68-87BB-45A2-AC4F-87643045BF4C}.Release|x64.Build.0 = Release|x64
		{810BDF68-87BB-45A2-AC4F-87643045BF4C}.Release|x86.ActiveCfg = Release|x86
		{810BDF68-87BB-45A2-AC4F-87643045BF4C}.Release|x86.Build.0 = Release|x86
		{271DF99B-1722-46F4-BFE3-90AFAE08F3F6}.Alpha|Any CPU.ActiveCfg = Debug|Any CPU
		{271DF99B-1722-46F4-BFE3-90AFAE08F3F6}.Alpha|Any CPU.Build.0 = Debug|Any CPU
		{271DF99B-1722-46F4-BFE3-90AFAE08F3F6}.Alpha|x64.ActiveCfg = Debug|Any CPU
		{271DF99B-1722-46F4-BFE3-90AFAE08F3F6}.Alpha|x64.Build.0 = Debug|Any CPU
		{271DF99B-1722-46F4-BFE3-90AFAE08F3F6}.Alpha|x86.ActiveCfg = Debug|Any CPU
		{271DF99B-1722-46F4-BFE3-90AFAE08F3F6}.Alpha|x86.Build.0 = Debug|Any CPU
		{271DF99B-1722-46F4-BFE3-90AFAE08F3F6}.Debug|Any CPU.ActiveCfg = Debug|Any CPU
		{271DF99B-1722-46F4-BFE3-90AFAE08F3F6}.Debug|Any CPU.Build.0 = Debug|Any CPU
		{271DF99B-1722-46F4-BFE3-90AFAE08F3F6}.Debug|x64.ActiveCfg = Debug|Any CPU
		{271DF99B-1722-46F4-BFE3-90AFAE08F3F6}.Debug|x64.Build.0 = Debug|Any CPU
		{271DF99B-1722-46F4-BFE3-90AFAE08F3F6}.Debug|x86.ActiveCfg = Debug|Any CPU
		{271DF99B-1722-46F4-BFE3-90AFAE08F3F6}.Debug|x86.Build.0 = Debug|Any CPU
		{271DF99B-1722-46F4-BFE3-90AFAE08F3F6}.Development|Any CPU.ActiveCfg = Debug|Any CPU
		{271DF99B-1722-46F4-BFE3-90AFAE08F3F6}.Development|Any CPU.Build.0 = Debug|Any CPU
		{271DF99B-1722-46F4-BFE3-90AFAE08F3F6}.Development|x64.ActiveCfg = Debug|Any CPU
		{271DF99B-1722-46F4-BFE3-90AFAE08F3F6}.Development|x64.Build.0 = Debug|Any CPU
		{271DF99B-1722-46F4-BFE3-90AFAE08F3F6}.Development|x86.ActiveCfg = Debug|Any CPU
		{271DF99B-1722-46F4-BFE3-90AFAE08F3F6}.Development|x86.Build.0 = Debug|Any CPU
		{271DF99B-1722-46F4-BFE3-90AFAE08F3F6}.Epsilon|Any CPU.ActiveCfg = Debug|Any CPU
		{271DF99B-1722-46F4-BFE3-90AFAE08F3F6}.Epsilon|Any CPU.Build.0 = Debug|Any CPU
		{271DF99B-1722-46F4-BFE3-90AFAE08F3F6}.Epsilon|x64.ActiveCfg = Debug|Any CPU
		{271DF99B-1722-46F4-BFE3-90AFAE08F3F6}.Epsilon|x64.Build.0 = Debug|Any CPU
		{271DF99B-1722-46F4-BFE3-90AFAE08F3F6}.Epsilon|x86.ActiveCfg = Debug|Any CPU
		{271DF99B-1722-46F4-BFE3-90AFAE08F3F6}.Epsilon|x86.Build.0 = Debug|Any CPU
		{271DF99B-1722-46F4-BFE3-90AFAE08F3F6}.Gamma|Any CPU.ActiveCfg = Debug|Any CPU
		{271DF99B-1722-46F4-BFE3-90AFAE08F3F6}.Gamma|Any CPU.Build.0 = Debug|Any CPU
		{271DF99B-1722-46F4-BFE3-90AFAE08F3F6}.Gamma|x64.ActiveCfg = Debug|Any CPU
		{271DF99B-1722-46F4-BFE3-90AFAE08F3F6}.Gamma|x64.Build.0 = Debug|Any CPU
		{271DF99B-1722-46F4-BFE3-90AFAE08F3F6}.Gamma|x86.ActiveCfg = Debug|Any CPU
		{271DF99B-1722-46F4-BFE3-90AFAE08F3F6}.Gamma|x86.Build.0 = Debug|Any CPU
		{271DF99B-1722-46F4-BFE3-90AFAE08F3F6}.Release|Any CPU.ActiveCfg = Release|Any CPU
		{271DF99B-1722-46F4-BFE3-90AFAE08F3F6}.Release|Any CPU.Build.0 = Release|Any CPU
		{271DF99B-1722-46F4-BFE3-90AFAE08F3F6}.Release|x64.ActiveCfg = Release|x64
		{271DF99B-1722-46F4-BFE3-90AFAE08F3F6}.Release|x64.Build.0 = Release|x64
		{271DF99B-1722-46F4-BFE3-90AFAE08F3F6}.Release|x86.ActiveCfg = Release|Any CPU
		{271DF99B-1722-46F4-BFE3-90AFAE08F3F6}.Release|x86.Build.0 = Release|Any CPU
		{3234A052-CDE5-4045-9F9F-B5A6DC931E88}.Alpha|Any CPU.ActiveCfg = Debug|Win32
		{3234A052-CDE5-4045-9F9F-B5A6DC931E88}.Alpha|Any CPU.Build.0 = Debug|Win32
		{3234A052-CDE5-4045-9F9F-B5A6DC931E88}.Alpha|x64.ActiveCfg = Debug|x64
		{3234A052-CDE5-4045-9F9F-B5A6DC931E88}.Alpha|x64.Build.0 = Debug|x64
		{3234A052-CDE5-4045-9F9F-B5A6DC931E88}.Alpha|x86.ActiveCfg = Debug|Win32
		{3234A052-CDE5-4045-9F9F-B5A6DC931E88}.Alpha|x86.Build.0 = Debug|Win32
		{3234A052-CDE5-4045-9F9F-B5A6DC931E88}.Debug|Any CPU.ActiveCfg = Debug|Win32
		{3234A052-CDE5-4045-9F9F-B5A6DC931E88}.Debug|x64.ActiveCfg = Debug|x64
		{3234A052-CDE5-4045-9F9F-B5A6DC931E88}.Debug|x64.Build.0 = Debug|x64
		{3234A052-CDE5-4045-9F9F-B5A6DC931E88}.Debug|x86.ActiveCfg = Debug|Win32
		{3234A052-CDE5-4045-9F9F-B5A6DC931E88}.Debug|x86.Build.0 = Debug|Win32
		{3234A052-CDE5-4045-9F9F-B5A6DC931E88}.Development|Any CPU.ActiveCfg = Debug|Win32
		{3234A052-CDE5-4045-9F9F-B5A6DC931E88}.Development|Any CPU.Build.0 = Debug|Win32
		{3234A052-CDE5-4045-9F9F-B5A6DC931E88}.Development|x64.ActiveCfg = Debug|x64
		{3234A052-CDE5-4045-9F9F-B5A6DC931E88}.Development|x64.Build.0 = Debug|x64
		{3234A052-CDE5-4045-9F9F-B5A6DC931E88}.Development|x86.ActiveCfg = Debug|Win32
		{3234A052-CDE5-4045-9F9F-B5A6DC931E88}.Development|x86.Build.0 = Debug|Win32
		{3234A052-CDE5-4045-9F9F-B5A6DC931E88}.Epsilon|Any CPU.ActiveCfg = Debug|Win32
		{3234A052-CDE5-4045-9F9F-B5A6DC931E88}.Epsilon|Any CPU.Build.0 = Debug|Win32
		{3234A052-CDE5-4045-9F9F-B5A6DC931E88}.Epsilon|x64.ActiveCfg = Debug|x64
		{3234A052-CDE5-4045-9F9F-B5A6DC931E88}.Epsilon|x64.Build.0 = Debug|x64
		{3234A052-CDE5-4045-9F9F-B5A6DC931E88}.Epsilon|x86.ActiveCfg = Debug|Win32
		{3234A052-CDE5-4045-9F9F-B5A6DC931E88}.Epsilon|x86.Build.0 = Debug|Win32
		{3234A052-CDE5-4045-9F9F-B5A6DC931E88}.Gamma|Any CPU.ActiveCfg = Debug|Win32
		{3234A052-CDE5-4045-9F9F-B5A6DC931E88}.Gamma|Any CPU.Build.0 = Debug|Win32
		{3234A052-CDE5-4045-9F9F-B5A6DC931E88}.Gamma|x64.ActiveCfg = Debug|x64
		{3234A052-CDE5-4045-9F9F-B5A6DC931E88}.Gamma|x64.Build.0 = Debug|x64
		{3234A052-CDE5-4045-9F9F-B5A6DC931E88}.Gamma|x86.ActiveCfg = Debug|Win32
		{3234A052-CDE5-4045-9F9F-B5A6DC931E88}.Gamma|x86.Build.0 = Debug|Win32
		{3234A052-CDE5-4045-9F9F-B5A6DC931E88}.Release|Any CPU.ActiveCfg = Release|Win32
		{3234A052-CDE5-4045-9F9F-B5A6DC931E88}.Release|x64.ActiveCfg = Release|x64
		{3234A052-CDE5-4045-9F9F-B5A6DC931E88}.Release|x64.Build.0 = Release|x64
		{3234A052-CDE5-4045-9F9F-B5A6DC931E88}.Release|x86.ActiveCfg = Release|Win32
		{3234A052-CDE5-4045-9F9F-B5A6DC931E88}.Release|x86.Build.0 = Release|Win32
	EndGlobalSection
	GlobalSection(SolutionProperties) = preSolution
		HideSolutionNode = FALSE
	EndGlobalSection
	GlobalSection(ExtensibilityGlobals) = postSolution
		SolutionGuid = {D77D4BB7-5A76-4688-9439-5103BAB33082}
	EndGlobalSection
EndGlobal
